{
  "version": 4,
  "terraform_version": "1.5.7",
  "serial": 3,
  "lineage": "1fce37f9-6ff1-6c74-5eb2-708c97acf84f",
  "outputs": {},
  "resources": [
    {
      "mode": "managed",
      "type": "oci_core_instance",
      "name": "VISHNUNEW_instance",
      "provider": "provider[\"registry.terraform.io/hashicorp/oci\"]",
      "instances": [
        {
          "schema_version": 0,
          "attributes": {
            "agent_config": [
              {
                "are_all_plugins_disabled": false,
                "is_management_disabled": false,
                "is_monitoring_disabled": false,
                "plugins_config": []
              }
            ],
            "async": null,
            "availability_config": [
              {
                "is_live_migration_preferred": false,
                "recovery_action": "RESTORE_INSTANCE"
              }
            ],
            "availability_domain": "mwOj:US-ASHBURN-AD-3",
            "boot_volume_id": "ocid1.bootvolume.oc1.iad.abuwcljrnvx2s3pjqzv23zy3eq4ck72fl4hipb7t22uu3ftdnzbxinmmtvlq",
            "capacity_reservation_id": null,
            "compartment_id": "ocid1.compartment.oc1..aaaaaaaabrmeyhwfdmuks76wnvveuuretyer4qct5zibzkhgcyoo6adtpfuq",
            "compute_cluster_id": null,
            "create_vnic_details": [
              {
                "assign_ipv6ip": false,
                "assign_private_dns_record": false,
                "assign_public_ip": "true",
                "defined_tags": {
                  "Oracle-Tags.CreatedBy": "99212149-lab.user11",
                  "Oracle-Tags.CreatedOn": "2023-09-28T05:15:23.209Z"
                },
                "display_name": "instance20230928051523",
                "freeform_tags": {},
                "hostname_label": "instance20230928051523",
                "ipv6address_ipv6subnet_cidr_pair_details": [],
                "nsg_ids": [],
                "private_ip": "10.0.0.74",
                "skip_source_dest_check": false,
                "subnet_id": "ocid1.subnet.oc1.iad.aaaaaaaahwahm3lcvhhzdjw2voc5gqkv3jpsggps5vnmudsvqyftuauloura",
                "vlan_id": ""
              }
            ],
            "dedicated_vm_host_id": null,
            "defined_tags": {
              "Oracle-Tags.CreatedBy": "99212149-lab.user11",
              "Oracle-Tags.CreatedOn": "2023-09-28T05:15:23.060Z"
            },
            "display_name": "instance20230928051523",
            "extended_metadata": {},
            "fault_domain": "FAULT-DOMAIN-3",
            "freeform_tags": {},
            "hostname_label": "instance20230928051523",
            "id": "ocid1.instance.oc1.iad.anuwcljrg6sn4rqcdzeq7oy272q4q3reeqfv2tjs6rwhzirqmzk4bgqw2cra",
            "image": "ocid1.image.oc1.iad.aaaaaaaamwu6pamu2qv33dcmsta5jp77fkmqjg5nb6zhigk3chlmeoqvt3wa",
            "instance_configuration_id": null,
            "instance_options": [
              {
                "are_legacy_imds_endpoints_disabled": false
              }
            ],
            "ipxe_script": null,
            "is_cross_numa_node": false,
            "is_pv_encryption_in_transit_enabled": null,
            "launch_mode": "PARAVIRTUALIZED",
            "launch_options": [
              {
                "boot_volume_type": "PARAVIRTUALIZED",
                "firmware": "UEFI_64",
                "is_consistent_volume_naming_enabled": true,
                "is_pv_encryption_in_transit_enabled": false,
                "network_type": "PARAVIRTUALIZED",
                "remote_data_volume_type": "PARAVIRTUALIZED"
              }
            ],
            "metadata": {
              "ssh_authorized_keys": "ssh-rsa AAAAB3NzaC1yc2EAAAADAQABAAABAQCvcpmpook4hivf6IwabvQj8WFIYzsPqHASc5C66VtN01iBCdXZhibY1BDgh/DovGlwG7SQp7V8NnfleREHjwytO4vcbxhY3O1ccRNsGxUhcX6z44c1Rtw1XDzR3hnvpbyackSuTVAQQQegXov0qjADwDcY0oCfLm2OP2zSB3RDKpd6AZydPCtdDsj14ZwxYzL0M1wLkMKCQJdWA7UiFTGu5qIUyWNXbGnUWA17ldpUuzsikZqg8QxqfMBPP0Iq6oimvAT4UUlQZh5XWw+Y75pLWu2XUQ5lBXaBgip/5CFTawalDoRtqqtCiSgess5zwNsXrhzBywXTydRxAQtiw2HH x_99212149@ebb4a2255dbe"
            },
            "platform_config": [],
            "preemptible_instance_config": [],
            "preserve_boot_volume": null,
            "private_ip": "10.0.0.74",
            "public_ip": "150.136.35.191",
            "region": "iad",
            "shape": "VM.Standard.A1.Flex",
            "shape_config": [
              {
                "baseline_ocpu_utilization": "",
                "gpu_description": "",
                "gpus": 0,
                "local_disk_description": "",
                "local_disks": 0,
                "local_disks_total_size_in_gbs": 0,
                "max_vnic_attachments": 2,
                "memory_in_gbs": 4,
                "networking_bandwidth_in_gbps": 1,
                "nvmes": 0,
                "ocpus": 1,
                "processor_description": "3.0 GHz Ampere® Altra™",
                "vcpus": 1
              }
            ],
            "source_details": [
              {
                "boot_volume_size_in_gbs": "47",
                "boot_volume_vpus_per_gb": "10",
                "instance_source_image_filter_details": [],
                "kms_key_id": "",
                "source_id": "ocid1.image.oc1.iad.aaaaaaaamwu6pamu2qv33dcmsta5jp77fkmqjg5nb6zhigk3chlmeoqvt3wa",
                "source_type": "image"
              }
            ],
            "state": "RUNNING",
            "subnet_id": "ocid1.subnet.oc1.iad.aaaaaaaahwahm3lcvhhzdjw2voc5gqkv3jpsggps5vnmudsvqyftuauloura",
            "system_tags": {},
            "time_created": "2023-09-28 05:15:23.62 +0000 UTC",
            "time_maintenance_reboot_due": "",
            "timeouts": null,
            "update_operation_constraint": null
          },
          "sensitive_attributes": [],
          "private": "eyJlMmJmYjczMC1lY2FhLTExZTYtOGY4OC0zNDM2M2JjN2M0YzAiOnsiY3JlYXRlIjoyNzAwMDAwMDAwMDAwLCJkZWxldGUiOjQ1MDAwMDAwMDAwMDAsInVwZGF0ZSI6MjcwMDAwMDAwMDAwMH19"
        }
      ]
    }
  ],
  "check_results": null
}
